
Microsoft Visual Studio Solution File, Format Version 12.00
# Visual Studio Version 16
VisualStudioVersion = 16.0.29613.14
MinimumVisualStudioVersion = 10.0.40219.1
Project("{FAE04EC0-301F-11D3-BF4B-00C04F79EFBC}") = "ListViewToListView", "ListViewToListView\ListViewToListView.csproj", "{87461082-57F9-4119-B5D0-D45DEA6EF253}"
EndProject
Global
	GlobalSection(SolutionConfigurationPlatforms) = preSolution
		Debug|Any CPU = Debug|Any CPU
		Release|Any CPU = Release|Any CPU
	EndGlobalSection
	GlobalSection(ProjectConfigurationPlatforms) = postSolution
		{87461082-57F9-4119-B5D0-D45DEA6EF253}.Debug|Any CPU.ActiveCfg = Debug|Any CPU
		{87461082-57F9-4119-B5D0-D45DEA6EF253}.Debug|Any CPU.Build.0 = Debug|Any CPU
		{87461082-57F9-4119-B5D0-D45DEA6EF253}.Release|Any CPU.ActiveCfg = Release|Any CPU
		{87461082-57F9-4119-B5D0-D45DEA6EF253}.Release|Any CPU.Build.0 = Release|Any CPU
	EndGlobalSection
	GlobalSection(SolutionProperties) = preSolution
		HideSolutionNode = FALSE
	EndGlobalSection
	GlobalSection(ExtensibilityGlobals) = postSolution
		SolutionGuid = {FD700FB5-9D08-49B0-A38D-BFCD0DE6ED36}
	EndGlobalSection
EndGlobal
